// !$*UTF8*$!
{
	archiveVersion = 1;
	classes = {
	};
	objectVersion = 50;
	objects = {

/* Begin PBXBuildFile section */
		504B8F3C261EE7F300515E4B /* NDpingjiaViewController.m in Sources */ = {isa = PBXBuildFile; fileRef = 504B8F3A261EE7F300515E4B /* NDpingjiaViewController.m */; };
		504B8F3D261EE7F300515E4B /* NDpingjiaViewController.xib in Resources */ = {isa = PBXBuildFile; fileRef = 504B8F3B261EE7F300515E4B /* NDpingjiaViewController.xib */; };
		50698B6A261ED43800B0C253 /* AppDelegate.m in Sources */ = {isa = PBXBuildFile; fileRef = 50698B69261ED43800B0C253 /* AppDelegate.m */; };
		50698B6D261ED43800B0C253 /* SceneDelegate.m in Sources */ = {isa = PBXBuildFile; fileRef = 50698B6C261ED43800B0C253 /* SceneDelegate.m */; };
		50698B70261ED43800B0C253 /* ViewController.m in Sources */ = {isa = PBXBuildFile; fileRef = 50698B6F261ED43800B0C253 /* ViewController.m */; };
		50698B73261ED43800B0C253 /* Main.storyboard in Resources */ = {isa = PBXBuildFile; fileRef = 50698B71261ED43800B0C253 /* Main.storyboard */; };
		50698B75261ED43900B0C253 /* Assets.xcassets in Resources */ = {isa = PBXBuildFile; fileRef = 50698B74261ED43900B0C253 /* Assets.xcassets */; };
		50698B78261ED43900B0C253 /* LaunchScreen.storyboard in Resources */ = {isa = PBXBuildFile; fileRef = 50698B76261ED43900B0C253 /* LaunchScreen.storyboard */; };
		50698B7B261ED43900B0C253 /* main.m in Sources */ = {isa = PBXBuildFile; fileRef = 50698B7A261ED43900B0C253 /* main.m */; };
		50698B85261ED43A00B0C253 /* NgariHeagthPingJIaTests.m in Sources */ = {isa = PBXBuildFile; fileRef = 50698B84261ED43A00B0C253 /* NgariHeagthPingJIaTests.m */; };
		50698B90261ED43A00B0C253 /* NgariHeagthPingJIaUITests.m in Sources */ = {isa = PBXBuildFile; fileRef = 50698B8F261ED43A00B0C253 /* NgariHeagthPingJIaUITests.m */; };
		5408FFF488D609BD81EEDCA2 /* Pods_NgariHeagthPingJIa.framework in Frameworks */ = {isa = PBXBuildFile; fileRef = 267E3A4D3F01D47B09DE268F /* Pods_NgariHeagthPingJIa.framework */; };
		DBD7DDB7CA5571098A4F28A7 /* Pods_NgariHeagthPingJIaTests.framework in Frameworks */ = {isa = PBXBuildFile; fileRef = 2C65CC310B75A8A8406C4EAF /* Pods_NgariHeagthPingJIaTests.framework */; };
		F0FE238A789C69AB11789125 /* Pods_NgariHeagthPingJIa_NgariHeagthPingJIaUITests.framework in Frameworks */ = {isa = PBXBuildFile; fileRef = 52639C8F7752F594C2287015 /* Pods_NgariHeagthPingJIa_NgariHeagthPingJIaUITests.framework */; };
/* End PBXBuildFile section */

/* Begin PBXContainerItemProxy section */
		50698B81261ED43A00B0C253 /* PBXContainerItemProxy */ = {
			isa = PBXContainerItemProxy;
			containerPortal = 50698B5D261ED43700B0C253 /* Project object */;
			proxyType = 1;
			remoteGlobalIDString = 50698B64261ED43800B0C253;
			remoteInfo = NgariHeagthPingJIa;
		};
		50698B8C261ED43A00B0C253 /* PBXContainerItemProxy */ = {
			isa = PBXContainerItemProxy;
			containerPortal = 50698B5D261ED43700B0C253 /* Project object */;
			proxyType = 1;
			remoteGlobalIDString = 50698B64261ED43800B0C253;
			remoteInfo = NgariHeagthPingJIa;
		};
/* End PBXContainerItemProxy section */

/* Begin PBXFileReference section */
		1530FC45312881F1C14C46E4 /* Pods-NgariHeagthPingJIaTests.release.xcconfig */ = {isa = PBXFileReference; includeInIndex = 1; lastKnownFileType = text.xcconfig; name = "Pods-NgariHeagthPingJIaTests.release.xcconfig"; path = "Target Support Files/Pods-NgariHeagthPingJIaTests/Pods-NgariHeagthPingJIaTests.release.xcconfig"; sourceTree = "<group>"; };
		20729EB069B18D571075A016 /* Pods-NgariHeagthPingJIaTests.debug.xcconfig */ = {isa = PBXFileReference; includeInIndex = 1; lastKnownFileType = text.xcconfig; name = "Pods-NgariHeagthPingJIaTests.debug.xcconfig"; path = "Target Support Files/Pods-NgariHeagthPingJIaTests/Pods-NgariHeagthPingJIaTests.debug.xcconfig"; sourceTree = "<group>"; };
		267E3A4D3F01D47B09DE268F /* Pods_NgariHeagthPingJIa.framework */ = {isa = PBXFileReference; explicitFileType = wrapper.framework; includeInIndex = 0; path = Pods_NgariHeagthPingJIa.framework; sourceTree = BUILT_PRODUCTS_DIR; };
		2C65CC310B75A8A8406C4EAF /* Pods_NgariHeagthPingJIaTests.framework */ = {isa = PBXFileReference; explicitFileType = wrapper.framework; includeInIndex = 0; path = Pods_NgariHeagthPingJIaTests.framework; sourceTree = BUILT_PRODUCTS_DIR; };
		2CBAF5E0AE45AF9EF08D5538 /* Pods-NgariHeagthPingJIa-NgariHeagthPingJIaUITests.release.xcconfig */ = {isa = PBXFileReference; includeInIndex = 1; lastKnownFileType = text.xcconfig; name = "Pods-NgariHeagthPingJIa-NgariHeagthPingJIaUITests.release.xcconfig"; path = "Target Support Files/Pods-NgariHeagthPingJIa-NgariHeagthPingJIaUITests/Pods-NgariHeagthPingJIa-NgariHeagthPingJIaUITests.release.xcconfig"; sourceTree = "<group>"; };
		504B8F39261EE7F300515E4B /* NDpingjiaViewController.h */ = {isa = PBXFileReference; lastKnownFileType = sourcecode.c.h; path = NDpingjiaViewController.h; sourceTree = "<group>"; };
		504B8F3A261EE7F300515E4B /* NDpingjiaViewController.m */ = {isa = PBXFileReference; lastKnownFileType = sourcecode.c.objc; path = NDpingjiaViewController.m; sourceTree = "<group>"; };
		504B8F3B261EE7F300515E4B /* NDpingjiaViewController.xib */ = {isa = PBXFileReference; lastKnownFileType = file.xib; path = NDpingjiaViewController.xib; sourceTree = "<group>"; };
		50698B65261ED43800B0C253 /* NgariHeagthPingJIa.app */ = {isa = PBXFileReference; explicitFileType = wrapper.application; includeInIndex = 0; path = NgariHeagthPingJIa.app; sourceTree = BUILT_PRODUCTS_DIR; };
		50698B68261ED43800B0C253 /* AppDelegate.h */ = {isa = PBXFileReference; lastKnownFileType = sourcecode.c.h; path = AppDelegate.h; sourceTree = "<group>"; };
		50698B69261ED43800B0C253 /* AppDelegate.m */ = {isa = PBXFileReference; lastKnownFileType = sourcecode.c.objc; path = AppDelegate.m; sourceTree = "<group>"; };
		50698B6B261ED43800B0C253 /* SceneDelegate.h */ = {isa = PBXFileReference; lastKnownFileType = sourcecode.c.h; path = SceneDelegate.h; sourceTree = "<group>"; };
		50698B6C261ED43800B0C253 /* SceneDelegate.m */ = {isa = PBXFileReference; lastKnownFileType = sourcecode.c.objc; path = SceneDelegate.m; sourceTree = "<group>"; };
		50698B6E261ED43800B0C253 /* ViewController.h */ = {isa = PBXFileReference; lastKnownFileType = sourcecode.c.h; path = ViewController.h; sourceTree = "<group>"; };
		50698B6F261ED43800B0C253 /* ViewController.m */ = {isa = PBXFileReference; lastKnownFileType = sourcecode.c.objc; path = ViewController.m; sourceTree = "<group>"; };
		50698B72261ED43800B0C253 /* Base */ = {isa = PBXFileReference; lastKnownFileType = file.storyboard; name = Base; path = Base.lproj/Main.storyboard; sourceTree = "<group>"; };
		50698B74261ED43900B0C253 /* Assets.xcassets */ = {isa = PBXFileReference; lastKnownFileType = folder.assetcatalog; path = Assets.xcassets; sourceTree = "<group>"; };
		50698B77261ED43900B0C253 /* Base */ = {isa = PBXFileReference; lastKnownFileType = file.storyboard; name = Base; path = Base.lproj/LaunchScreen.storyboard; sourceTree = "<group>"; };
		50698B79261ED43900B0C253 /* Info.plist */ = {isa = PBXFileReference; lastKnownFileType = text.plist.xml; path = Info.plist; sourceTree = "<group>"; };
		50698B7A261ED43900B0C253 /* main.m */ = {isa = PBXFileReference; lastKnownFileType = sourcecode.c.objc; path = main.m; sourceTree = "<group>"; };
		50698B80261ED43A00B0C253 /* NgariHeagthPingJIaTests.xctest */ = {isa = PBXFileReference; explicitFileType = wrapper.cfbundle; includeInIndex = 0; path = NgariHeagthPingJIaTests.xctest; sourceTree = BUILT_PRODUCTS_DIR; };
		50698B84261ED43A00B0C253 /* NgariHeagthPingJIaTests.m */ = {isa = PBXFileReference; lastKnownFileType = sourcecode.c.objc; path = NgariHeagthPingJIaTests.m; sourceTree = "<group>"; };
		50698B86261ED43A00B0C253 /* Info.plist */ = {isa = PBXFileReference; lastKnownFileType = text.plist.xml; path = Info.plist; sourceTree = "<group>"; };
		50698B8B261ED43A00B0C253 /* NgariHeagthPingJIaUITests.xctest */ = {isa = PBXFileReference; explicitFileType = wrapper.cfbundle; includeInIndex = 0; path = NgariHeagthPingJIaUITests.xctest; sourceTree = BUILT_PRODUCTS_DIR; };
		50698B8F261ED43A00B0C253 /* NgariHeagthPingJIaUITests.m */ = {isa = PBXFileReference; lastKnownFileType = sourcecode.c.objc; path = NgariHeagthPingJIaUITests.m; sourceTree = "<group>"; };
		50698B91261ED43A00B0C253 /* Info.plist */ = {isa = PBXFileReference; lastKnownFileType = text.plist.xml; path = Info.plist; sourceTree = "<group>"; };
		52639C8F7752F594C2287015 /* Pods_NgariHeagthPingJIa_NgariHeagthPingJIaUITests.framework */ = {isa = PBXFileReference; explicitFileType = wrapper.framework; includeInIndex = 0; path = Pods_NgariHeagthPingJIa_NgariHeagthPingJIaUITests.framework; sourceTree = BUILT_PRODUCTS_DIR; };
		749F86A5C4518B74E4A6AC39 /* Pods-NgariHeagthPingJIa.release.xcconfig */ = {isa = PBXFileReference; includeInIndex = 1; lastKnownFileType = text.xcconfig; name = "Pods-NgariHeagthPingJIa.release.xcconfig"; path = "Target Support Files/Pods-NgariHeagthPingJIa/Pods-NgariHeagthPingJIa.release.xcconfig"; sourceTree = "<group>"; };
		AB42BA36203DC852C287E81A /* Pods-NgariHeagthPingJIa.debug.xcconfig */ = {isa = PBXFileReference; includeInIndex = 1; lastKnownFileType = text.xcconfig; name = "Pods-NgariHeagthPingJIa.debug.xcconfig"; path = "Target Support Files/Pods-NgariHeagthPingJIa/Pods-NgariHeagthPingJIa.debug.xcconfig"; sourceTree = "<group>"; };
		B48068A06073BD57C76C7F57 /* Pods-NgariHeagthPingJIa-NgariHeagthPingJIaUITests.debug.xcconfig */ = {isa = PBXFileReference; includeInIndex = 1; lastKnownFileType = text.xcconfig; name = "Pods-NgariHeagthPingJIa-NgariHeagthPingJIaUITests.debug.xcconfig"; path = "Target Support Files/Pods-NgariHeagthPingJIa-NgariHeagthPingJIaUITests/Pods-NgariHeagthPingJIa-NgariHeagthPingJIaUITests.debug.xcconfig"; sourceTree = "<group>"; };
/* End PBXFileReference section */

/* Begin PBXFrameworksBuildPhase section */
		50698B62261ED43800B0C253 /* Frameworks */ = {
			isa = PBXFrameworksBuildPhase;
			buildActionMask = 2147483647;
			files = (
				5408FFF488D609BD81EEDCA2 /* Pods_NgariHeagthPingJIa.framework in Frameworks */,
			);
			runOnlyForDeploymentPostprocessing = 0;
		};
		50698B7D261ED43A00B0C253 /* Frameworks */ = {
			isa = PBXFrameworksBuildPhase;
			buildActionMask = 2147483647;
			files = (
				DBD7DDB7CA5571098A4F28A7 /* Pods_NgariHeagthPingJIaTests.framework in Frameworks */,
			);
			runOnlyForDeploymentPostprocessing = 0;
		};
		50698B88261ED43A00B0C253 /* Frameworks */ = {
			isa = PBXFrameworksBuildPhase;
			buildActionMask = 2147483647;
			files = (
				F0FE238A789C69AB11789125 /* Pods_NgariHeagthPingJIa_NgariHeagthPingJIaUITests.framework in Frameworks */,
			);
			runOnlyForDeploymentPostprocessing = 0;
		};
/* End PBXFrameworksBuildPhase section */

/* Begin PBXGroup section */
		504B8F38261EE7D700515E4B /* pinjia */ = {
			isa = PBXGroup;
			children = (
				504B8F39261EE7F300515E4B /* NDpingjiaViewController.h */,
				504B8F3A261EE7F300515E4B /* NDpingjiaViewController.m */,
				504B8F3B261EE7F300515E4B /* NDpingjiaViewController.xib */,
			);
			path = pinjia;
			sourceTree = "<group>";
		};
		50698B5C261ED43700B0C253 = {
			isa = PBXGroup;
			children = (
				50698B67261ED43800B0C253 /* NgariHeagthPingJIa */,
				50698B83261ED43A00B0C253 /* NgariHeagthPingJIaTests */,
				50698B8E261ED43A00B0C253 /* NgariHeagthPingJIaUITests */,
				50698B66261ED43800B0C253 /* Products */,
				507ED7713B14D694A70D9612 /* Pods */,
				74453FECE99C42BFFEBA48DA /* Frameworks */,
			);
			sourceTree = "<group>";
		};
		50698B66261ED43800B0C253 /* Products */ = {
			isa = PBXGroup;
			children = (
				50698B65261ED43800B0C253 /* NgariHeagthPingJIa.app */,
				50698B80261ED43A00B0C253 /* NgariHeagthPingJIaTests.xctest */,
				50698B8B261ED43A00B0C253 /* NgariHeagthPingJIaUITests.xctest */,
			);
			name = Products;
			sourceTree = "<group>";
		};
		50698B67261ED43800B0C253 /* NgariHeagthPingJIa */ = {
			isa = PBXGroup;
			children = (
				504B8F38261EE7D700515E4B /* pinjia */,
				50698B68261ED43800B0C253 /* AppDelegate.h */,
				50698B69261ED43800B0C253 /* AppDelegate.m */,
				50698B6B261ED43800B0C253 /* SceneDelegate.h */,
				50698B6C261ED43800B0C253 /* SceneDelegate.m */,
				50698B6E261ED43800B0C253 /* ViewController.h */,
				50698B6F261ED43800B0C253 /* ViewController.m */,
				50698B71261ED43800B0C253 /* Main.storyboard */,
				50698B74261ED43900B0C253 /* Assets.xcassets */,
				50698B76261ED43900B0C253 /* LaunchScreen.storyboard */,
				50698B79261ED43900B0C253 /* Info.plist */,
				50698B7A261ED43900B0C253 /* main.m */,
			);
			path = NgariHeagthPingJIa;
			sourceTree = "<group>";
		};
		50698B83261ED43A00B0C253 /* NgariHeagthPingJIaTests */ = {
			isa = PBXGroup;
			children = (
				50698B84261ED43A00B0C253 /* NgariHeagthPingJIaTests.m */,
				50698B86261ED43A00B0C253 /* Info.plist */,
			);
			path = NgariHeagthPingJIaTests;
			sourceTree = "<group>";
		};
		50698B8E261ED43A00B0C253 /* NgariHeagthPingJIaUITests */ = {
			isa = PBXGroup;
			children = (
				50698B8F261ED43A00B0C253 /* NgariHeagthPingJIaUITests.m */,
				50698B91261ED43A00B0C253 /* Info.plist */,
			);
			path = NgariHeagthPingJIaUITests;
			sourceTree = "<group>";
		};
		507ED7713B14D694A70D9612 /* Pods */ = {
			isa = PBXGroup;
			children = (
				AB42BA36203DC852C287E81A /* Pods-NgariHeagthPingJIa.debug.xcconfig */,
				749F86A5C4518B74E4A6AC39 /* Pods-NgariHeagthPingJIa.release.xcconfig */,
				B48068A06073BD57C76C7F57 /* Pods-NgariHeagthPingJIa-NgariHeagthPingJIaUITests.debug.xcconfig */,
				2CBAF5E0AE45AF9EF08D5538 /* Pods-NgariHeagthPingJIa-NgariHeagthPingJIaUITests.release.xcconfig */,
				20729EB069B18D571075A016 /* Pods-NgariHeagthPingJIaTests.debug.xcconfig */,
				1530FC45312881F1C14C46E4 /* Pods-NgariHeagthPingJIaTests.release.xcconfig */,
			);
			path = Pods;
			sourceTree = "<group>";
		};
		74453FECE99C42BFFEBA48DA /* Frameworks */ = {
			isa = PBXGroup;
			children = (
				267E3A4D3F01D47B09DE268F /* Pods_NgariHeagthPingJIa.framework */,
				52639C8F7752F594C2287015 /* Pods_NgariHeagthPingJIa_NgariHeagthPingJIaUITests.framework */,
				2C65CC310B75A8A8406C4EAF /* Pods_NgariHeagthPingJIaTests.framework */,
			);
			name = Frameworks;
			sourceTree = "<group>";
		};
/* End PBXGroup section */

/* Begin PBXNativeTarget section */
		50698B64261ED43800B0C253 /* NgariHeagthPingJIa */ = {
			isa = PBXNativeTarget;
			buildConfigurationList = 50698B94261ED43A00B0C253 /* Build configuration list for PBXNativeTarget "NgariHeagthPingJIa" */;
			buildPhases = (
				701ABCC7EA15E07E4B179DE3 /* [CP] Check Pods Manifest.lock */,
				50698B61261ED43800B0C253 /* Sources */,
				50698B62261ED43800B0C253 /* Frameworks */,
				50698B63261ED43800B0C253 /* Resources */,
			);
			buildRules = (
			);
			dependencies = (
			);
			name = NgariHeagthPingJIa;
			productName = NgariHeagthPingJIa;
			productReference = 50698B65261ED43800B0C253 /* NgariHeagthPingJIa.app */;
			productType = "com.apple.product-type.application";
		};
		50698B7F261ED43A00B0C253 /* NgariHeagthPingJIaTests */ = {
			isa = PBXNativeTarget;
			buildConfigurationList = 50698B97261ED43A00B0C253 /* Build configuration list for PBXNativeTarget "NgariHeagthPingJIaTests" */;
			buildPhases = (
				8A1D6D2F3A3C91694B747DF7 /* [CP] Check Pods Manifest.lock */,
				50698B7C261ED43A00B0C253 /* Sources */,
				50698B7D261ED43A00B0C253 /* Frameworks */,
				50698B7E261ED43A00B0C253 /* Resources */,
			);
			buildRules = (
			);
			dependencies = (
				50698B82261ED43A00B0C253 /* PBXTargetDependency */,
			);
			name = NgariHeagthPingJIaTests;
			productName = NgariHeagthPingJIaTests;
			productReference = 50698B80261ED43A00B0C253 /* NgariHeagthPingJIaTests.xctest */;
			productType = "com.apple.product-type.bundle.unit-test";
		};
		50698B8A261ED43A00B0C253 /* NgariHeagthPingJIaUITests */ = {
			isa = PBXNativeTarget;
			buildConfigurationList = 50698B9A261ED43A00B0C253 /* Build configuration list for PBXNativeTarget "NgariHeagthPingJIaUITests" */;
			buildPhases = (
				571E8AF11C8F638C346FEAF3 /* [CP] Check Pods Manifest.lock */,
				50698B87261ED43A00B0C253 /* Sources */,
				50698B88261ED43A00B0C253 /* Frameworks */,
				50698B89261ED43A00B0C253 /* Resources */,
			);
			buildRules = (
			);
			dependencies = (
				50698B8D261ED43A00B0C253 /* PBXTargetDependency */,
			);
			name = NgariHeagthPingJIaUITests;
			productName = NgariHeagthPingJIaUITests;
			productReference = 50698B8B261ED43A00B0C253 /* NgariHeagthPingJIaUITests.xctest */;
			productType = "com.apple.product-type.bundle.ui-testing";
		};
/* End PBXNativeTarget section */

/* Begin PBXProject section */
		50698B5D261ED43700B0C253 /* Project object */ = {
			isa = PBXProject;
			attributes = {
				LastUpgradeCheck = 1220;
				TargetAttributes = {
					50698B64261ED43800B0C253 = {
						CreatedOnToolsVersion = 12.2;
					};
					50698B7F261ED43A00B0C253 = {
						CreatedOnToolsVersion = 12.2;
						TestTargetID = 50698B64261ED43800B0C253;
					};
					50698B8A261ED43A00B0C253 = {
						CreatedOnToolsVersion = 12.2;
						TestTargetID = 50698B64261ED43800B0C253;
					};
				};
			};
			buildConfigurationList = 50698B60261ED43800B0C253 /* Build configuration list for PBXProject "NgariHeagthPingJIa" */;
			compatibilityVersion = "Xcode 9.3";
			developmentRegion = en;
			hasScannedForEncodings = 0;
			knownRegions = (
				en,
				Base,
			);
			mainGroup = 50698B5C261ED43700B0C253;
			productRefGroup = 50698B66261ED43800B0C253 /* Products */;
			projectDirPath = "";
			projectRoot = "";
			targets = (
				50698B64261ED43800B0C253 /* NgariHeagthPingJIa */,
				50698B7F261ED43A00B0C253 /* NgariHeagthPingJIaTests */,
				50698B8A261ED43A00B0C253 /* NgariHeagthPingJIaUITests */,
			);
		};
/* End PBXProject section */

/* Begin PBXResourcesBuildPhase section */
		50698B63261ED43800B0C253 /* Resources */ = {
			isa = PBXResourcesBuildPhase;
			buildActionMask = 2147483647;
			files = (
				50698B78261ED43900B0C253 /* LaunchScreen.storyboard in Resources */,
				50698B75261ED43900B0C253 /* Assets.xcassets in Resources */,
				50698B73261ED43800B0C253 /* Main.storyboard in Resources */,
				504B8F3D261EE7F300515E4B /* NDpingjiaViewController.xib in Resources */,
			);
			runOnlyForDeploymentPostprocessing = 0;
		};
		50698B7E261ED43A00B0C253 /* Resources */ = {
			isa = PBXResourcesBuildPhase;
			buildActionMask = 2147483647;
			files = (
			);
			runOnlyForDeploymentPostprocessing = 0;
		};
		50698B89261ED43A00B0C253 /* Resources */ = {
			isa = PBXResourcesBuildPhase;
			buildActionMask = 2147483647;
			files = (
			);
			runOnlyForDeploymentPostprocessing = 0;
		};
/* End PBXResourcesBuildPhase section */

/* Begin PBXShellScriptBuildPhase section */
		571E8AF11C8F638C346FEAF3 /* [CP] Check Pods Manifest.lock */ = {
			isa = PBXShellScriptBuildPhase;
			buildActionMask = 2147483647;
			files = (
			);
			inputFileListPaths = (
			);
			inputPaths = (
				"${PODS_PODFILE_DIR_PATH}/Podfile.lock",
				"${PODS_ROOT}/Manifest.lock",
			);
			name = "[CP] Check Pods Manifest.lock";
			outputFileListPaths = (
			);
			outputPaths = (
				"$(DERIVED_FILE_DIR)/Pods-NgariHeagthPingJIa-NgariHeagthPingJIaUITests-checkManifestLockResult.txt",
			);
			runOnlyForDeploymentPostprocessing = 0;
			shellPath = /bin/sh;
			shellScript = "diff \"${PODS_PODFILE_DIR_PATH}/Podfile.lock\" \"${PODS_ROOT}/Manifest.lock\" > /dev/null\nif [ $? != 0 ] ; then\n    # print error to STDERR\n    echo \"error: The sandbox is not in sync with the Podfile.lock. Run 'pod install' or update your CocoaPods installation.\" >&2\n    exit 1\nfi\n# This output is used by Xcode 'outputs' to avoid re-running this script phase.\necho \"SUCCESS\" > \"${SCRIPT_OUTPUT_FILE_0}\"\n";
			showEnvVarsInLog = 0;
		};
		701ABCC7EA15E07E4B179DE3 /* [CP] Check Pods Manifest.lock */ = {
			isa = PBXShellScriptBuildPhase;
			buildActionMask = 2147483647;
			files = (
			);
			inputFileListPaths = (
			);
			inputPaths = (
				"${PODS_PODFILE_DIR_PATH}/Podfile.lock",
				"${PODS_ROOT}/Manifest.lock",
			);
			name = "[CP] Check Pods Manifest.lock";
			outputFileListPaths = (
			);
			outputPaths = (
				"$(DERIVED_FILE_DIR)/Pods-NgariHeagthPingJIa-checkManifestLockResult.txt",
			);
			runOnlyForDeploymentPostprocessing = 0;
			shellPath = /bin/sh;
			shellScript = "diff \"${PODS_PODFILE_DIR_PATH}/Podfile.lock\" \"${PODS_ROOT}/Manifest.lock\" > /dev/null\nif [ $? != 0 ] ; then\n    # print error to STDERR\n    echo \"error: The sandbox is not in sync with the Podfile.lock. Run 'pod install' or update your CocoaPods installation.\" >&2\n    exit 1\nfi\n# This output is used by Xcode 'outputs' to avoid re-running this script phase.\necho \"SUCCESS\" > \"${SCRIPT_OUTPUT_FILE_0}\"\n";
			showEnvVarsInLog = 0;
		};
		8A1D6D2F3A3C91694B747DF7 /* [CP] Check Pods Manifest.lock */ = {
			isa = PBXShellScriptBuildPhase;
			buildActionMask = 2147483647;
			files = (
			);
			inputFileListPaths = (
			);
			inputPaths = (
				"${PODS_PODFILE_DIR_PATH}/Podfile.lock",
				"${PODS_ROOT}/Manifest.lock",
			);
			name = "[CP] Check Pods Manifest.lock";
			outputFileListPaths = (
			);
			outputPaths = (
				"$(DERIVED_FILE_DIR)/Pods-NgariHeagthPingJIaTests-checkManifestLockResult.txt",
			);
			runOnlyForDeploymentPostprocessing = 0;
			shellPath = /bin/sh;
			shellScript = "diff \"${PODS_PODFILE_DIR_PATH}/Podfile.lock\" \"${PODS_ROOT}/Manifest.lock\" > /dev/null\nif [ $? != 0 ] ; then\n    # print error to STDERR\n    echo \"error: The sandbox is not in sync with the Podfile.lock. Run 'pod install' or update your CocoaPods installation.\" >&2\n    exit 1\nfi\n# This output is used by Xcode 'outputs' to avoid re-running this script phase.\necho \"SUCCESS\" > \"${SCRIPT_OUTPUT_FILE_0}\"\n";
			showEnvVarsInLog = 0;
		};
/* End PBXShellScriptBuildPhase section */

/* Begin PBXSourcesBuildPhase section */
		50698B61261ED43800B0C253 /* Sources */ = {
			isa = PBXSourcesBuildPhase;
			buildActionMask = 2147483647;
			files = (
				504B8F3C261EE7F300515E4B /* NDpingjiaViewController.m in Sources */,
				50698B70261ED43800B0C253 /* ViewController.m in Sources */,
				50698B6A261ED43800B0C253 /* AppDelegate.m in Sources */,
				50698B7B261ED43900B0C253 /* main.m in Sources */,
				50698B6D261ED43800B0C253 /* SceneDelegate.m in Sources */,
			);
			runOnlyForDeploymentPostprocessing = 0;
		};
		50698B7C261ED43A00B0C253 /* Sources */ = {
			isa = PBXSourcesBuildPhase;
			buildActionMask = 2147483647;
			files = (
				50698B85261ED43A00B0C253 /* NgariHeagthPingJIaTests.m in Sources */,
			);
			runOnlyForDeploymentPostprocessing = 0;
		};
		50698B87261ED43A00B0C253 /* Sources */ = {
			isa = PBXSourcesBuildPhase;
			buildActionMask = 2147483647;
			files = (
				50698B90261ED43A00B0C253 /* NgariHeagthPingJIaUITests.m in Sources */,
			);
			runOnlyForDeploymentPostprocessing = 0;
		};
/* End PBXSourcesBuildPhase section */

/* Begin PBXTargetDependency section */
		50698B82261ED43A00B0C253 /* PBXTargetDependency */ = {
			isa = PBXTargetDependency;
			target = 50698B64261ED43800B0C253 /* NgariHeagthPingJIa */;
			targetProxy = 50698B81261ED43A00B0C253 /* PBXContainerItemProxy */;
		};
		50698B8D261ED43A00B0C253 /* PBXTargetDependency */ = {
			isa = PBXTargetDependency;
			target = 50698B64261ED43800B0C253 /* NgariHeagthPingJIa */;
			targetProxy = 50698B8C261ED43A00B0C253 /* PBXContainerItemProxy */;
		};
/* End PBXTargetDependency section */

/* Begin PBXVariantGroup section */
		50698B71261ED43800B0C253 /* Main.storyboard */ = {
			isa = PBXVariantGroup;
			children = (
				50698B72261ED43800B0C253 /* Base */,
			);
			name = Main.storyboard;
			sourceTree = "<group>";
		};
		50698B76261ED43900B0C253 /* LaunchScreen.storyboard */ = {
			isa = PBXVariantGroup;
			children = (
				50698B77261ED43900B0C253 /* Base */,
			);
			name = LaunchScreen.storyboard;
			sourceTree = "<group>";
		};
/* End PBXVariantGroup section */

/* Begin XCBuildConfiguration section */
		50698B92261ED43A00B0C253 /* Debug */ = {
			isa = XCBuildConfiguration;
			buildSettings = {
				ALWAYS_SEARCH_USER_PATHS = NO;
				CLANG_ANALYZER_NONNULL = YES;
				CLANG_ANALYZER_NUMBER_OBJECT_CONVERSION = YES_AGGRESSIVE;
				CLANG_CXX_LANGUAGE_STANDARD = "gnu++14";
				CLANG_CXX_LIBRARY = "libc++";
				CLANG_ENABLE_MODULES = YES;
				CLANG_ENABLE_OBJC_ARC = YES;
				CLANG_ENABLE_OBJC_WEAK = YES;
				CLANG_WARN_BLOCK_CAPTURE_AUTORELEASING = YES;
				CLANG_WARN_BOOL_CONVERSION = YES;
				CLANG_WARN_COMMA = YES;
				CLANG_WARN_CONSTANT_CONVERSION = YES;
				CLANG_WARN_DEPRECATED_OBJC_IMPLEMENTATIONS = YES;
				CLANG_WARN_DIRECT_OBJC_ISA_USAGE = YES_ERROR;
				CLANG_WARN_DOCUMENTATION_COMMENTS = YES;
				CLANG_WARN_EMPTY_BODY = YES;
				CLANG_WARN_ENUM_CONVERSION = YES;
				CLANG_WARN_INFINITE_RECURSION = YES;
				CLANG_WARN_INT_CONVERSION = YES;
				CLANG_WARN_NON_LITERAL_NULL_CONVERSION = YES;
				CLANG_WARN_OBJC_IMPLICIT_RETAIN_SELF = YES;
				CLANG_WARN_OBJC_LITERAL_CONVERSION = YES;
				CLANG_WARN_OBJC_ROOT_CLASS = YES_ERROR;
				CLANG_WARN_QUOTED_INCLUDE_IN_FRAMEWORK_HEADER = YES;
				CLANG_WARN_RANGE_LOOP_ANALYSIS = YES;
				CLANG_WARN_STRICT_PROTOTYPES = YES;
				CLANG_WARN_SUSPICIOUS_MOVE = YES;
				CLANG_WARN_UNGUARDED_AVAILABILITY = YES_AGGRESSIVE;
				CLANG_WARN_UNREACHABLE_CODE = YES;
				CLANG_WARN__DUPLICATE_METHOD_MATCH = YES;
				COPY_PHASE_STRIP = NO;
				DEBUG_INFORMATION_FORMAT = dwarf;
				ENABLE_STRICT_OBJC_MSGSEND = YES;
				ENABLE_TESTABILITY = YES;
				GCC_C_LANGUAGE_STANDARD = gnu11;
				GCC_DYNAMIC_NO_PIC = NO;
				GCC_NO_COMMON_BLOCKS = YES;
				GCC_OPTIMIZATION_LEVEL = 0;
				GCC_PREPROCESSOR_DEFINITIONS = (
					"DEBUG=1",
					"$(inherited)",
				);
				GCC_WARN_64_TO_32_BIT_CONVERSION = YES;
				GCC_WARN_ABOUT_RETURN_TYPE = YES_ERROR;
				GCC_WARN_UNDECLARED_SELECTOR = YES;
				GCC_WARN_UNINITIALIZED_AUTOS = YES_AGGRESSIVE;
				GCC_WARN_UNUSED_FUNCTION = YES;
				GCC_WARN_UNUSED_VARIABLE = YES;
				IPHONEOS_DEPLOYMENT_TARGET = 14.2;
				MTL_ENABLE_DEBUG_INFO = INCLUDE_SOURCE;
				MTL_FAST_MATH = YES;
				ONLY_ACTIVE_ARCH = YES;
				SDKROOT = iphoneos;
			};
			name = Debug;
		};
		50698B93261ED43A00B0C253 /* Release */ = {
			isa = XCBuildConfiguration;
			buildSettings = {
				ALWAYS_SEARCH_USER_PATHS = NO;
				CLANG_ANALYZER_NONNULL = YES;
				CLANG_ANALYZER_NUMBER_OBJECT_CONVERSION = YES_AGGRESSIVE;
				CLANG_CXX_LANGUAGE_STANDARD = "gnu++14";
				CLANG_CXX_LIBRARY = "libc++";
				CLANG_ENABLE_MODULES = YES;
				CLANG_ENABLE_OBJC_ARC = YES;
				CLANG_ENABLE_OBJC_WEAK = YES;
				CLANG_WARN_BLOCK_CAPTURE_AUTORELEASING = YES;
				CLANG_WARN_BOOL_CONVERSION = YES;
				CLANG_WARN_COMMA = YES;
				CLANG_WARN_CONSTANT_CONVERSION = YES;
				CLANG_WARN_DEPRECATED_OBJC_IMPLEMENTATIONS = YES;
				CLANG_WARN_DIRECT_OBJC_ISA_USAGE = YES_ERROR;
				CLANG_WARN_DOCUMENTATION_COMMENTS = YES;
				CLANG_WARN_EMPTY_BODY = YES;
				CLANG_WARN_ENUM_CONVERSION = YES;
				CLANG_WARN_INFINITE_RECURSION = YES;
				CLANG_WARN_INT_CONVERSION = YES;
				CLANG_WARN_NON_LITERAL_NULL_CONVERSION = YES;
				CLANG_WARN_OBJC_IMPLICIT_RETAIN_SELF = YES;
				CLANG_WARN_OBJC_LITERAL_CONVERSION = YES;
				CLANG_WARN_OBJC_ROOT_CLASS = YES_ERROR;
				CLANG_WARN_QUOTED_INCLUDE_IN_FRAMEWORK_HEADER = YES;
				CLANG_WARN_RANGE_LOOP_ANALYSIS = YES;
				CLANG_WARN_STRICT_PROTOTYPES = YES;
				CLANG_WARN_SUSPICIOUS_MOVE = YES;
				CLANG_WARN_UNGUARDED_AVAILABILITY = YES_AGGRESSIVE;
				CLANG_WARN_UNREACHABLE_CODE = YES;
				CLANG_WARN__DUPLICATE_METHOD_MATCH = YES;
				COPY_PHASE_STRIP = NO;
				DEBUG_INFORMATION_FORMAT = "dwarf-with-dsym";
				ENABLE_NS_ASSERTIONS = NO;
				ENABLE_STRICT_OBJC_MSGSEND = YES;
				GCC_C_LANGUAGE_STANDARD = gnu11;
				GCC_NO_COMMON_BLOCKS = YES;
				GCC_WARN_64_TO_32_BIT_CONVERSION = YES;
				GCC_WARN_ABOUT_RETURN_TYPE = YES_ERROR;
				GCC_WARN_UNDECLARED_SELECTOR = YES;
				GCC_WARN_UNINITIALIZED_AUTOS = YES_AGGRESSIVE;
				GCC_WARN_UNUSED_FUNCTION = YES;
				GCC_WARN_UNUSED_VARIABLE = YES;
				IPHONEOS_DEPLOYMENT_TARGET = 14.2;
				MTL_ENABLE_DEBUG_INFO = NO;
				MTL_FAST_MATH = YES;
				SDKROOT = iphoneos;
				VALIDATE_PRODUCT = YES;
			};
			name = Release;
		};
		50698B95261ED43A00B0C253 /* Debug */ = {
			isa = XCBuildConfiguration;
			baseConfigurationReference = AB42BA36203DC852C287E81A /* Pods-NgariHeagthPingJIa.debug.xcconfig */;
			buildSettings = {
				ASSETCATALOG_COMPILER_APPICON_NAME = AppIcon;
				ASSETCATALOG_COMPILER_GLOBAL_ACCENT_COLOR_NAME = AccentColor;
				CODE_SIGN_STYLE = Automatic;
				INFOPLIST_FILE = NgariHeagthPingJIa/Info.plist;
				IPHONEOS_DEPLOYMENT_TARGET = 14.2;
				LD_RUNPATH_SEARCH_PATHS = (
					"$(inherited)",
					"@executable_path/Frameworks",
				);
				PRODUCT_BUNDLE_IDENTIFIER = szy.NgariHeagthPingJIa;
				PRODUCT_NAME = "$(TARGET_NAME)";
				TARGETED_DEVICE_FAMILY = "1,2";
			};
			name = Debug;
		};
		50698B96261ED43A00B0C253 /* Release */ = {
			isa = XCBuildConfiguration;
			baseConfigurationReference = 749F86A5C4518B74E4A6AC39 /* Pods-NgariHeagthPingJIa.release.xcconfig */;
			buildSettings = {
				ASSETCATALOG_COMPILER_APPICON_NAME = AppIcon;
				ASSETCATALOG_COMPILER_GLOBAL_ACCENT_COLOR_NAME = AccentColor;
				CODE_SIGN_STYLE = Automatic;
				INFOPLIST_FILE = NgariHeagthPingJIa/Info.plist;
				IPHONEOS_DEPLOYMENT_TARGET = 14.2;
				LD_RUNPATH_SEARCH_PATHS = (
					"$(inherited)",
					"@executable_path/Frameworks",
				);
				PRODUCT_BUNDLE_IDENTIFIER = szy.NgariHeagthPingJIa;
				PRODUCT_NAME = "$(TARGET_NAME)";
				TARGETED_DEVICE_FAMILY = "1,2";
			};
			name = Release;
		};
		50698B98261ED43A00B0C253 /* Debug */ = {
			isa = XCBuildConfiguration;
			baseConfigurationReference = 20729EB069B18D571075A016 /* Pods-NgariHeagthPingJIaTests.debug.xcconfig */;
			buildSettings = {
				BUNDLE_LOADER = "$(TEST_HOST)";
				CODE_SIGN_STYLE = Automatic;
				INFOPLIST_FILE = NgariHeagthPingJIaTests/Info.plist;
				IPHONEOS_DEPLOYMENT_TARGET = 14.2;
				LD_RUNPATH_SEARCH_PATHS = (
					"$(inherited)",
					"@executable_path/Frameworks",
					"@loader_path/Frameworks",
				);
				PRODUCT_BUNDLE_IDENTIFIER = szy.NgariHeagthPingJIaTests;
				PRODUCT_NAME = "$(TARGET_NAME)";
				TARGETED_DEVICE_FAMILY = "1,2";
				TEST_HOST = "$(BUILT_PRODUCTS_DIR)/NgariHeagthPingJIa.app/NgariHeagthPingJIa";
			};
			name = Debug;
		};
		50698B99261ED43A00B0C253 /* Release */ = {
			isa = XCBuildConfiguration;
			baseConfigurationReference = 1530FC45312881F1C14C46E4 /* Pods-NgariHeagthPingJIaTests.release.xcconfig */;
			buildSettings = {
				BUNDLE_LOADER = "$(TEST_HOST)";
				CODE_SIGN_STYLE = Automatic;
				INFOPLIST_FILE = NgariHeagthPingJIaTests/Info.plist;
				IPHONEOS_DEPLOYMENT_TARGET = 14.2;
				LD_RUNPATH_SEARCH_PATHS = (
					"$(inherited)",
					"@executable_path/Frameworks",
					"@loader_path/Frameworks",
				);
				PRODUCT_BUNDLE_IDENTIFIER = szy.NgariHeagthPingJIaTests;
				PRODUCT_NAME = "$(TARGET_NAME)";
				TARGETED_DEVICE_FAMILY = "1,2";
				TEST_HOST = "$(BUILT_PRODUCTS_DIR)/NgariHeagthPingJIa.app/NgariHeagthPingJIa";
			};
			name = Release;
		};
		50698B9B261ED43A00B0C253 /* Debug */ = {
			isa = XCBuildConfiguration;
			baseConfigurationReference = B48068A06073BD57C76C7F57 /* Pods-NgariHeagthPingJIa-NgariHeagthPingJIaUITests.debug.xcconfig */;
			buildSettings = {
				CODE_SIGN_STYLE = Automatic;
				INFOPLIST_FILE = NgariHeagthPingJIaUITests/Info.plist;
				LD_RUNPATH_SEARCH_PATHS = (
					"$(inherited)",
					"@executable_path/Frameworks",
					"@loader_path/Frameworks",
				);
				PRODUCT_BUNDLE_IDENTIFIER = szy.NgariHeagthPingJIaUITests;
				PRODUCT_NAME = "$(TARGET_NAME)";
				TARGETED_DEVICE_FAMILY = "1,2";
				TEST_TARGET_NAME = NgariHeagthPingJIa;
			};
			name = Debug;
		};
		50698B9C261ED43A00B0C253 /* Release */ = {
			isa = XCBuildConfiguration;
			baseConfigurationReference = 2CBAF5E0AE45AF9EF08D5538 /* Pods-NgariHeagthPingJIa-NgariHeagthPingJIaUITests.release.xcconfig */;
			buildSettings = {
				CODE_SIGN_STYLE = Automatic;
				INFOPLIST_FILE = NgariHeagthPingJIaUITests/Info.plist;
				LD_RUNPATH_SEARCH_PATHS = (
					"$(inherited)",
					"@executable_path/Frameworks",
					"@loader_path/Frameworks",
				);
				PRODUCT_BUNDLE_IDENTIFIER = szy.NgariHeagthPingJIaUITests;
				PRODUCT_NAME = "$(TARGET_NAME)";
				TARGETED_DEVICE_FAMILY = "1,2";
				TEST_TARGET_NAME = NgariHeagthPingJIa;
			};
			name = Release;
		};
/* End XCBuildConfiguration section */

/* Begin XCConfigurationList section */
		50698B60261ED43800B0C253 /* Build configuration list for PBXProject "NgariHeagthPingJIa" */ = {
			isa = XCConfigurationList;
			buildConfigurations = (
				50698B92261ED43A00B0C253 /* Debug */,
				50698B93261ED43A00B0C253 /* Release */,
			);
			defaultConfigurationIsVisible = 0;
			defaultConfigurationName = Release;
		};
		50698B94261ED43A00B0C253 /* Build configuration list for PBXNativeTarget "NgariHeagthPingJIa" */ = {
			isa = XCConfigurationList;
			buildConfigurations = (
				50698B95261ED43A00B0C253 /* Debug */,
				50698B96261ED43A00B0C253 /* Release */,
			);
			defaultConfigurationIsVisible = 0;
			defaultConfigurationName = Release;
		};
		50698B97261ED43A00B0C253 /* Build configuration list for PBXNativeTarget "NgariHeagthPingJIaTests" */ = {
			isa = XCConfigurationList;
			buildConfigurations = (
				50698B98261ED43A00B0C253 /* Debug */,
				50698B99261ED43A00B0C253 /* Release */,
			);
			defaultConfigurationIsVisible = 0;
			defaultConfigurationName = Release;
		};
		50698B9A261ED43A00B0C253 /* Build configuration list for PBXNativeTarget "NgariHeagthPingJIaUITests" */ = {
			isa = XCConfigurationList;
			buildConfigurations = (
				50698B9B261ED43A00B0C253 /* Debug */,
				50698B9C261ED43A00B0C253 /* Release */,
			);
			defaultConfigurationIsVisible = 0;
			defaultConfigurationName = Release;
		};
/* End XCConfigurationList section */
	};
	rootObject = 50698B5D261ED43700B0C253 /* Project object */;
}
